
Microsoft Visual Studio Solution File, Format Version 11.00
# Visual Studio 2010
Project("{FAE04EC0-301F-11D3-BF4B-00C04F79EFBC}") = "DMGasPrice.Service", "DMGasPrice.Service\DMGasPrice.Service.csproj", "{AF06631C-52C3-40DA-8959-D230E862F3A1}"
EndProject
Project("{2150E333-8FDC-42A3-9474-1A3956D46DE8}") = "Assemblies", "Assemblies", "{0764D736-591D-4007-9DD5-A3FAF2F81ED0}"
	ProjectSection(SolutionItems) = preProject
		Assemblies\HtmlAgilityPack.dll = Assemblies\HtmlAgilityPack.dll
		Assemblies\Microsoft.Web.Infrastructure.dll = Assemblies\Microsoft.Web.Infrastructure.dll
		Assemblies\System.Web.Razor.dll = Assemblies\System.Web.Razor.dll
		Assemblies\System.Web.WebPages.Deployment.dll = Assemblies\System.Web.WebPages.Deployment.dll
		Assemblies\System.Web.WebPages.Razor.dll = Assemblies\System.Web.WebPages.Razor.dll
	EndProjectSection
EndProject
Global
	GlobalSection(SolutionConfigurationPlatforms) = preSolution
		Debug|Any CPU = Debug|Any CPU
		Release|Any CPU = Release|Any CPU
	EndGlobalSection
	GlobalSection(ProjectConfigurationPlatforms) = postSolution
		{AF06631C-52C3-40DA-8959-D230E862F3A1}.Debug|Any CPU.ActiveCfg = Debug|Any CPU
		{AF06631C-52C3-40DA-8959-D230E862F3A1}.Debug|Any CPU.Build.0 = Debug|Any CPU
		{AF06631C-52C3-40DA-8959-D230E862F3A1}.Release|Any CPU.ActiveCfg = Release|Any CPU
		{AF06631C-52C3-40DA-8959-D230E862F3A1}.Release|Any CPU.Build.0 = Release|Any CPU
	EndGlobalSection
	GlobalSection(SolutionProperties) = preSolution
		HideSolutionNode = FALSE
	EndGlobalSection
EndGlobal
